
Microsoft Visual Studio Solution File, Format Version 12.00
# Visual Studio 15
VisualStudioVersion = 15.0.26730.16
MinimumVisualStudioVersion = 10.0.40219.1
Project("{FAE04EC0-301F-11D3-BF4B-00C04F79EFBC}") = "HomeWork03", "HomeWork03\HomeWork03.csproj", "{F5440D2A-EB62-4BC1-920E-1206738BBBFD}"
EndProject
Global
	GlobalSection(SolutionConfigurationPlatforms) = preSolution
		Debug|Any CPU = Debug|Any CPU
		Release|Any CPU = Release|Any CPU
	EndGlobalSection
	GlobalSection(ProjectConfigurationPlatforms) = postSolution
		{F5440D2A-EB62-4BC1-920E-1206738BBBFD}.Debug|Any CPU.ActiveCfg = Debug|Any CPU
		{F5440D2A-EB62-4BC1-920E-1206738BBBFD}.Debug|Any CPU.Build.0 = Debug|Any CPU
		{F5440D2A-EB62-4BC1-920E-1206738BBBFD}.Release|Any CPU.ActiveCfg = Release|Any CPU
		{F5440D2A-EB62-4BC1-920E-1206738BBBFD}.Release|Any CPU.Build.0 = Release|Any CPU
	EndGlobalSection
	GlobalSection(SolutionProperties) = preSolution
		HideSolutionNode = FALSE
	EndGlobalSection
	GlobalSection(ExtensibilityGlobals) = postSolution
		SolutionGuid = {08E264E9-1ED9-46E5-BA48-FEA9AFC01AC1}
	EndGlobalSection
EndGlobal
